# This file is automatically @generated by Cargo.
# It is not intended for manual editing.
version = 3

[[package]]
name = "mdd"
version = "0.1.0"
dependencies = [
 "uuid",
]

[[package]]
name = "sha1_smol"
version = "1.0.0"
source = "registry+https://github.com/rust-lang/crates.io-index"
checksum = "ae1a47186c03a32177042e55dbc5fd5aee900b8e0069a8d70fba96a9375cd012"

[[package]]
name = "uuid"
version = "1.2.2"
source = "registry+https://github.com/rust-lang/crates.io-index"
checksum = "422ee0de9031b5b948b97a8fc04e3aa35230001a722ddd27943e0be31564ce4c"
dependencies = [
 "sha1_smol",
]
